
Microsoft Visual Studio Solution File, Format Version 12.00
# Visual Studio Version 16
VisualStudioVersion = 16.0.31515.178
MinimumVisualStudioVersion = 10.0.40219.1
Project("{FAE04EC0-301F-11D3-BF4B-00C04F79EFBC}") = "MovieTicketBooking", "MovieTicketBooking\MovieTicketBooking.csproj", "{76907EC7-66C7-408F-9AF7-C5A3C77C22A5}"
EndProject
Global
	GlobalSection(SolutionConfigurationPlatforms) = preSolution
		Debug|Any CPU = Debug|Any CPU
		Release|Any CPU = Release|Any CPU
	EndGlobalSection
	GlobalSection(ProjectConfigurationPlatforms) = postSolution
		{76907EC7-66C7-408F-9AF7-C5A3C77C22A5}.Debug|Any CPU.ActiveCfg = Debug|Any CPU
		{76907EC7-66C7-408F-9AF7-C5A3C77C22A5}.Debug|Any CPU.Build.0 = Debug|Any CPU
		{76907EC7-66C7-408F-9AF7-C5A3C77C22A5}.Release|Any CPU.ActiveCfg = Release|Any CPU
		{76907EC7-66C7-408F-9AF7-C5A3C77C22A5}.Release|Any CPU.Build.0 = Release|Any CPU
	EndGlobalSection
	GlobalSection(SolutionProperties) = preSolution
		HideSolutionNode = FALSE
	EndGlobalSection
	GlobalSection(ExtensibilityGlobals) = postSolution
		SolutionGuid = {E35DBC02-64EA-4BBF-A09F-2AC57E45E02F}
	EndGlobalSection
EndGlobal
